// !$*UTF8*$!
{
	archiveVersion = 1;
	classes = {
	};
	objectVersion = 46;
	objects = {

/* Begin PBXBuildFile section */
		BE02705D19F81F4000C37793 /* Main.storyboard in Resources */ = {isa = PBXBuildFile; fileRef = BE02705C19F81F4000C37793 /* Main.storyboard */; };
		BE08A56E19C4A1FB00162606 /* ReportDetailViewController.m in Sources */ = {isa = PBXBuildFile; fileRef = BE08A56D19C4A1FB00162606 /* ReportDetailViewController.m */; };
		BE1B5CC719CA02A00053A5D3 /* minusCircle.png in Resources */ = {isa = PBXBuildFile; fileRef = BE1B5CC619CA02A00053A5D3 /* minusCircle.png */; };
		BE1B5CC919CA0B9D0053A5D3 /* saveButton.png in Resources */ = {isa = PBXBuildFile; fileRef = BE1B5CC819CA0B9D0053A5D3 /* saveButton.png */; };
		BE1B5CCB19CA0E2C0053A5D3 /* cellsBackground.png in Resources */ = {isa = PBXBuildFile; fileRef = BE1B5CCA19CA0E2C0053A5D3 /* cellsBackground.png */; };
		BE1B5CCD19CA0FF00053A5D3 /* bigRectangle.png in Resources */ = {isa = PBXBuildFile; fileRef = BE1B5CCC19CA0FF00053A5D3 /* bigRectangle.png */; };
		BE1B5CCF19CA12470053A5D3 /* clearButton.png in Resources */ = {isa = PBXBuildFile; fileRef = BE1B5CCE19CA12470053A5D3 /* clearButton.png */; };
		BE1B5CD519CA17480053A5D3 /* roundedRectangle.png in Resources */ = {isa = PBXBuildFile; fileRef = BE1B5CD419CA17480053A5D3 /* roundedRectangle.png */; };
		BE1B5CD719CA18F40053A5D3 /* longRectangle.png in Resources */ = {isa = PBXBuildFile; fileRef = BE1B5CD619CA18F40053A5D3 /* longRectangle.png */; };
		BE1D963319F9688C0060E7EA /* smallRectangle.png in Resources */ = {isa = PBXBuildFile; fileRef = BE1D963219F9688C0060E7EA /* smallRectangle.png */; };
		BE1D963519FABE160060E7EA /* addButton.png in Resources */ = {isa = PBXBuildFile; fileRef = BE1D963419FABE160060E7EA /* addButton.png */; };
		BE1D963719FAF75F0060E7EA /* Default-568h@2x.png in Resources */ = {isa = PBXBuildFile; fileRef = BE1D963619FAF75F0060E7EA /* Default-568h@2x.png */; };
		BE22DCDB19C0C00400EE6264 /* AudioToolbox.framework in Frameworks */ = {isa = PBXBuildFile; fileRef = BE22DCDA19C0C00400EE6264 /* AudioToolbox.framework */; };
		BE2E2C1F1A018E9500E7F6FC /* reportIcon.png in Resources */ = {isa = PBXBuildFile; fileRef = BE2E2C1E1A018E9500E7F6FC /* reportIcon.png */; };
		BE2E2C221A01902300E7F6FC /* Settings.m in Sources */ = {isa = PBXBuildFile; fileRef = BE2E2C211A01902300E7F6FC /* Settings.m */; };
		BE2E2C251A01AD4100E7F6FC /* SettingsViewController.m in Sources */ = {isa = PBXBuildFile; fileRef = BE2E2C241A01AD4100E7F6FC /* SettingsViewController.m */; };
		BE38973219D38C7D00E1D84E /* MessageUI.framework in Frameworks */ = {isa = PBXBuildFile; fileRef = BE38973119D38C7D00E1D84E /* MessageUI.framework */; };
		BE4FBE8E1A1FD4330032D0B2 /* scissors.caf in Resources */ = {isa = PBXBuildFile; fileRef = BE4FBE8D1A1FD1B60032D0B2 /* scissors.caf */; };
		BE4FBE901A1FDB040032D0B2 /* network.caf in Resources */ = {isa = PBXBuildFile; fileRef = BE4FBE8F1A1FDB040032D0B2 /* network.caf */; };
		BE4FBE921A1FDB120032D0B2 /* professional.caf in Resources */ = {isa = PBXBuildFile; fileRef = BE4FBE911A1FDB120032D0B2 /* professional.caf */; };
		BE50F5AB19C2BD44003AF7C9 /* Sound.caf in Resources */ = {isa = PBXBuildFile; fileRef = BE50F5AA19C2BD44003AF7C9 /* Sound.caf */; };
		BE526DA119C2B19A0054564F /* pathGuy.png in Resources */ = {isa = PBXBuildFile; fileRef = BE526DA019C2B19A0054564F /* pathGuy.png */; };
		BE70F19219C0B5F70053E36A /* Foundation.framework in Frameworks */ = {isa = PBXBuildFile; fileRef = BE70F19119C0B5F70053E36A /* Foundation.framework */; };
		BE70F19419C0B5F70053E36A /* CoreGraphics.framework in Frameworks */ = {isa = PBXBuildFile; fileRef = BE70F19319C0B5F70053E36A /* CoreGraphics.framework */; };
		BE70F19619C0B5F70053E36A /* UIKit.framework in Frameworks */ = {isa = PBXBuildFile; fileRef = BE70F19519C0B5F70053E36A /* UIKit.framework */; };
		BE70F19C19C0B5F70053E36A /* InfoPlist.strings in Resources */ = {isa = PBXBuildFile; fileRef = BE70F19A19C0B5F70053E36A /* InfoPlist.strings */; };
		BE70F19E19C0B5F70053E36A /* main.m in Sources */ = {isa = PBXBuildFile; fileRef = BE70F19D19C0B5F70053E36A /* main.m */; };
		BE70F1A219C0B5F70053E36A /* AppDelegate.m in Sources */ = {isa = PBXBuildFile; fileRef = BE70F1A119C0B5F70053E36A /* AppDelegate.m */; };
		BE70F1A819C0B5F70053E36A /* ViewController.m in Sources */ = {isa = PBXBuildFile; fileRef = BE70F1A719C0B5F70053E36A /* ViewController.m */; };
		BE70F1AA19C0B5F70053E36A /* Images.xcassets in Resources */ = {isa = PBXBuildFile; fileRef = BE70F1A919C0B5F70053E36A /* Images.xcassets */; };
		BE70F1B119C0B5F70053E36A /* XCTest.framework in Frameworks */ = {isa = PBXBuildFile; fileRef = BE70F1B019C0B5F70053E36A /* XCTest.framework */; };
		BE70F1B219C0B5F70053E36A /* Foundation.framework in Frameworks */ = {isa = PBXBuildFile; fileRef = BE70F19119C0B5F70053E36A /* Foundation.framework */; };
		BE70F1B319C0B5F70053E36A /* UIKit.framework in Frameworks */ = {isa = PBXBuildFile; fileRef = BE70F19519C0B5F70053E36A /* UIKit.framework */; };
		BE70F1BB19C0B5F70053E36A /* InfoPlist.strings in Resources */ = {isa = PBXBuildFile; fileRef = BE70F1B919C0B5F70053E36A /* InfoPlist.strings */; };
		BE70F1BD19C0B5F70053E36A /* TapCountTests.m in Sources */ = {isa = PBXBuildFile; fileRef = BE70F1BC19C0B5F70053E36A /* TapCountTests.m */; };
		BE77F1F819D3A482002E8A90 /* emailIcon.png in Resources */ = {isa = PBXBuildFile; fileRef = BE77F1F719D3A482002E8A90 /* emailIcon.png */; };
		BE78AB6B19C75F7000BD9E0D /* decrementTwo.wav in Resources */ = {isa = PBXBuildFile; fileRef = BE78AB6A19C75F7000BD9E0D /* decrementTwo.wav */; };
		BE855D931A141B0800845DCC /* Language.m in Sources */ = {isa = PBXBuildFile; fileRef = BE855D921A141B0800845DCC /* Language.m */; };
		BE855D951A15114500845DCC /* MailTabIcon_3x.png in Resources */ = {isa = PBXBuildFile; fileRef = BE855D941A15114500845DCC /* MailTabIcon_3x.png */; };
		BE9B58AE1A119095006D1C01 /* SelectLanguageTableTableViewController.m in Sources */ = {isa = PBXBuildFile; fileRef = BE9B58AD1A119095006D1C01 /* SelectLanguageTableTableViewController.m */; };
		BEAB0E7419C359BB00AA7623 /* cell.png in Resources */ = {isa = PBXBuildFile; fileRef = BEAB0E7319C359BB00AA7623 /* cell.png */; };
		BEAB0E7A19C360FC00AA7623 /* iconDraft.png in Resources */ = {isa = PBXBuildFile; fileRef = BEAB0E7919C360FC00AA7623 /* iconDraft.png */; };
		BEAB0E7E19C3619600AA7623 /* icon_58.png in Resources */ = {isa = PBXBuildFile; fileRef = BEAB0E7B19C3619600AA7623 /* icon_58.png */; };
		BEAB0E7F19C3619600AA7623 /* icon_80.png in Resources */ = {isa = PBXBuildFile; fileRef = BEAB0E7C19C3619600AA7623 /* icon_80.png */; };
		BEAB0E8019C3619600AA7623 /* icon_120.png in Resources */ = {isa = PBXBuildFile; fileRef = BEAB0E7D19C3619600AA7623 /* icon_120.png */; };
		BEAB0E8419C37B0400AA7623 /* unhappyCell.png in Resources */ = {isa = PBXBuildFile; fileRef = BEAB0E8319C37B0400AA7623 /* unhappyCell.png */; };
		BEAB0E8619C37DDF00AA7623 /* rectangle.png in Resources */ = {isa = PBXBuildFile; fileRef = BEAB0E8519C37DDF00AA7623 /* rectangle.png */; };
		BEDC13B819CBA0E0009AC3C2 /* HudView.m in Sources */ = {isa = PBXBuildFile; fileRef = BEDC13B719CBA0E0009AC3C2 /* HudView.m */; };
		BEDC13BA19CC807C009AC3C2 /* microscope-50.png in Resources */ = {isa = PBXBuildFile; fileRef = BEDC13B919CC807C009AC3C2 /* microscope-50.png */; };
		BEDC13BC19CC8318009AC3C2 /* microscope-50-white.png in Resources */ = {isa = PBXBuildFile; fileRef = BEDC13BB19CC8318009AC3C2 /* microscope-50-white.png */; };
		BEDC13C019CC837A009AC3C2 /* microscope-75.png in Resources */ = {isa = PBXBuildFile; fileRef = BEDC13BF19CC837A009AC3C2 /* microscope-75.png */; };
		BEDC13C219CC83DF009AC3C2 /* microscope-75-white.png in Resources */ = {isa = PBXBuildFile; fileRef = BEDC13C119CC83DF009AC3C2 /* microscope-75-white.png */; };
		BEDC13C419CC8454009AC3C2 /* microscope-75-grey.png in Resources */ = {isa = PBXBuildFile; fileRef = BEDC13C319CC8454009AC3C2 /* microscope-75-grey.png */; };
		BEDC13C619CC8D29009AC3C2 /* CoreData.framework in Frameworks */ = {isa = PBXBuildFile; fileRef = BEDC13C519CC8D29009AC3C2 /* CoreData.framework */; };
		BEDC13FE19CC903D009AC3C2 /* DataModel.xcdatamodeld in Sources */ = {isa = PBXBuildFile; fileRef = BEDC13FC19CC903D009AC3C2 /* DataModel.xcdatamodeld */; };
		BEDC140119CC9532009AC3C2 /* Report.m in Sources */ = {isa = PBXBuildFile; fileRef = BEDC140019CC9531009AC3C2 /* Report.m */; };
		BEDC140419CCBAAC009AC3C2 /* ReportViewController.m in Sources */ = {isa = PBXBuildFile; fileRef = BEDC140319CCBAAC009AC3C2 /* ReportViewController.m */; };
		BEE387851A0BF4AB005048FF /* crisp.caf in Resources */ = {isa = PBXBuildFile; fileRef = BEE387841A0BF4AB005048FF /* crisp.caf */; };
		BEE387861A0BF4B9005048FF /* tap-crisp.aif in Resources */ = {isa = PBXBuildFile; fileRef = BEE387831A0BF059005048FF /* tap-crisp.aif */; };
		BEFE4D8319C2A64D009CBB29 /* heartCell.jpg in Resources */ = {isa = PBXBuildFile; fileRef = BEFE4D8219C2A64D009CBB29 /* heartCell.jpg */; };
/* End PBXBuildFile section */

/* Begin PBXContainerItemProxy section */
		BE70F1B419C0B5F70053E36A /* PBXContainerItemProxy */ = {
			isa = PBXContainerItemProxy;
			containerPortal = BE70F18619C0B5F70053E36A /* Project object */;
			proxyType = 1;
			remoteGlobalIDString = BE70F18D19C0B5F70053E36A;
			remoteInfo = TapCount;
		};
/* End PBXContainerItemProxy section */

/* Begin PBXFileReference section */
		BE02705C19F81F4000C37793 /* Main.storyboard */ = {isa = PBXFileReference; fileEncoding = 4; lastKnownFileType = file.storyboard; name = Main.storyboard; path = ../Main.storyboard; sourceTree = "<group>"; };
		BE08A56C19C4A1FB00162606 /* ReportDetailViewController.h */ = {isa = PBXFileReference; fileEncoding = 4; lastKnownFileType = sourcecode.c.h; path = ReportDetailViewController.h; sourceTree = "<group>"; };
		BE08A56D19C4A1FB00162606 /* ReportDetailViewController.m */ = {isa = PBXFileReference; fileEncoding = 4; lastKnownFileType = sourcecode.c.objc; path = ReportDetailViewController.m; sourceTree = "<group>"; };
		BE1B5CC619CA02A00053A5D3 /* minusCircle.png */ = {isa = PBXFileReference; lastKnownFileType = image.png; path = minusCircle.png; sourceTree = "<group>"; };
		BE1B5CC819CA0B9D0053A5D3 /* saveButton.png */ = {isa = PBXFileReference; lastKnownFileType = image.png; path = saveButton.png; sourceTree = "<group>"; };
		BE1B5CCA19CA0E2C0053A5D3 /* cellsBackground.png */ = {isa = PBXFileReference; lastKnownFileType = image.png; path = cellsBackground.png; sourceTree = "<group>"; };
		BE1B5CCC19CA0FF00053A5D3 /* bigRectangle.png */ = {isa = PBXFileReference; lastKnownFileType = image.png; path = bigRectangle.png; sourceTree = "<group>"; };
		BE1B5CCE19CA12470053A5D3 /* clearButton.png */ = {isa = PBXFileReference; lastKnownFileType = image.png; path = clearButton.png; sourceTree = "<group>"; };
		BE1B5CD419CA17480053A5D3 /* roundedRectangle.png */ = {isa = PBXFileReference; lastKnownFileType = image.png; path = roundedRectangle.png; sourceTree = "<group>"; };
		BE1B5CD619CA18F40053A5D3 /* longRectangle.png */ = {isa = PBXFileReference; lastKnownFileType = image.png; path = longRectangle.png; sourceTree = "<group>"; };
		BE1D963219F9688C0060E7EA /* smallRectangle.png */ = {isa = PBXFileReference; lastKnownFileType = image.png; path = smallRectangle.png; sourceTree = "<group>"; };
		BE1D963419FABE160060E7EA /* addButton.png */ = {isa = PBXFileReference; lastKnownFileType = image.png; path = addButton.png; sourceTree = "<group>"; };
		BE1D963619FAF75F0060E7EA /* Default-568h@2x.png */ = {isa = PBXFileReference; lastKnownFileType = image.png; path = "Default-568h@2x.png"; sourceTree = "<group>"; };
		BE22DCDA19C0C00400EE6264 /* AudioToolbox.framework */ = {isa = PBXFileReference; lastKnownFileType = wrapper.framework; name = AudioToolbox.framework; path = System/Library/Frameworks/AudioToolbox.framework; sourceTree = SDKROOT; };
		BE2E2C1E1A018E9500E7F6FC /* reportIcon.png */ = {isa = PBXFileReference; lastKnownFileType = image.png; path = reportIcon.png; sourceTree = "<group>"; };
		BE2E2C201A01902300E7F6FC /* Settings.h */ = {isa = PBXFileReference; fileEncoding = 4; lastKnownFileType = sourcecode.c.h; path = Settings.h; sourceTree = "<group>"; };
		BE2E2C211A01902300E7F6FC /* Settings.m */ = {isa = PBXFileReference; fileEncoding = 4; lastKnownFileType = sourcecode.c.objc; path = Settings.m; sourceTree = "<group>"; };
		BE2E2C231A01AD4100E7F6FC /* SettingsViewController.h */ = {isa = PBXFileReference; fileEncoding = 4; lastKnownFileType = sourcecode.c.h; path = SettingsViewController.h; sourceTree = "<group>"; };
		BE2E2C241A01AD4100E7F6FC /* SettingsViewController.m */ = {isa = PBXFileReference; fileEncoding = 4; lastKnownFileType = sourcecode.c.objc; path = SettingsViewController.m; sourceTree = "<group>"; };
		BE38973119D38C7D00E1D84E /* MessageUI.framework */ = {isa = PBXFileReference; lastKnownFileType = wrapper.framework; name = MessageUI.framework; path = System/Library/Frameworks/MessageUI.framework; sourceTree = SDKROOT; };
		BE4FBE8D1A1FD1B60032D0B2 /* scissors.caf */ = {isa = PBXFileReference; lastKnownFileType = file; path = scissors.caf; sourceTree = "<group>"; };
		BE4FBE8F1A1FDB040032D0B2 /* network.caf */ = {isa = PBXFileReference; lastKnownFileType = file; path = network.caf; sourceTree = "<group>"; };
		BE4FBE911A1FDB120032D0B2 /* professional.caf */ = {isa = PBXFileReference; lastKnownFileType = file; path = professional.caf; sourceTree = "<group>"; };
		BE50F5AA19C2BD44003AF7C9 /* Sound.caf */ = {isa = PBXFileReference; lastKnownFileType = file; path = Sound.caf; sourceTree = "<group>"; };
		BE526DA019C2B19A0054564F /* pathGuy.png */ = {isa = PBXFileReference; lastKnownFileType = image.png; path = pathGuy.png; sourceTree = "<group>"; };
		BE70F18E19C0B5F70053E36A /* TapCount.app */ = {isa = PBXFileReference; explicitFileType = wrapper.application; includeInIndex = 0; path = TapCount.app; sourceTree = BUILT_PRODUCTS_DIR; };
		BE70F19119C0B5F70053E36A /* Foundation.framework */ = {isa = PBXFileReference; lastKnownFileType = wrapper.framework; name = Foundation.framework; path = System/Library/Frameworks/Foundation.framework; sourceTree = SDKROOT; };
		BE70F19319C0B5F70053E36A /* CoreGraphics.framework */ = {isa = PBXFileReference; lastKnownFileType = wrapper.framework; name = CoreGraphics.framework; path = System/Library/Frameworks/CoreGraphics.framework; sourceTree = SDKROOT; };
		BE70F19519C0B5F70053E36A /* UIKit.framework */ = {isa = PBXFileReference; lastKnownFileType = wrapper.framework; name = UIKit.framework; path = System/Library/Frameworks/UIKit.framework; sourceTree = SDKROOT; };
		BE70F19919C0B5F70053E36A /* TapCount-Info.plist */ = {isa = PBXFileReference; lastKnownFileType = text.plist.xml; path = "TapCount-Info.plist"; sourceTree = "<group>"; };
		BE70F19B19C0B5F70053E36A /* en */ = {isa = PBXFileReference; lastKnownFileType = text.plist.strings; name = en; path = en.lproj/InfoPlist.strings; sourceTree = "<group>"; };
		BE70F19D19C0B5F70053E36A /* main.m */ = {isa = PBXFileReference; lastKnownFileType = sourcecode.c.objc; path = main.m; sourceTree = "<group>"; };
		BE70F19F19C0B5F70053E36A /* TapCount-Prefix.pch */ = {isa = PBXFileReference; lastKnownFileType = sourcecode.c.h; path = "TapCount-Prefix.pch"; sourceTree = "<group>"; };
		BE70F1A019C0B5F70053E36A /* AppDelegate.h */ = {isa = PBXFileReference; lastKnownFileType = sourcecode.c.h; path = AppDelegate.h; sourceTree = "<group>"; };
		BE70F1A119C0B5F70053E36A /* AppDelegate.m */ = {isa = PBXFileReference; lastKnownFileType = sourcecode.c.objc; path = AppDelegate.m; sourceTree = "<group>"; };
		BE70F1A619C0B5F70053E36A /* ViewController.h */ = {isa = PBXFileReference; lastKnownFileType = sourcecode.c.h; path = ViewController.h; sourceTree = "<group>"; };
		BE70F1A719C0B5F70053E36A /* ViewController.m */ = {isa = PBXFileReference; lastKnownFileType = sourcecode.c.objc; path = ViewController.m; sourceTree = "<group>"; };
		BE70F1A919C0B5F70053E36A /* Images.xcassets */ = {isa = PBXFileReference; lastKnownFileType = folder.assetcatalog; path = Images.xcassets; sourceTree = "<group>"; };
		BE70F1AF19C0B5F70053E36A /* TapCountTests.xctest */ = {isa = PBXFileReference; explicitFileType = wrapper.cfbundle; includeInIndex = 0; path = TapCountTests.xctest; sourceTree = BUILT_PRODUCTS_DIR; };
		BE70F1B019C0B5F70053E36A /* XCTest.framework */ = {isa = PBXFileReference; lastKnownFileType = wrapper.framework; name = XCTest.framework; path = Library/Frameworks/XCTest.framework; sourceTree = DEVELOPER_DIR; };
		BE70F1B819C0B5F70053E36A /* TapCountTests-Info.plist */ = {isa = PBXFileReference; lastKnownFileType = text.plist.xml; path = "TapCountTests-Info.plist"; sourceTree = "<group>"; };
		BE70F1BA19C0B5F70053E36A /* en */ = {isa = PBXFileReference; lastKnownFileType = text.plist.strings; name = en; path = en.lproj/InfoPlist.strings; sourceTree = "<group>"; };
		BE70F1BC19C0B5F70053E36A /* TapCountTests.m */ = {isa = PBXFileReference; lastKnownFileType = sourcecode.c.objc; path = TapCountTests.m; sourceTree = "<group>"; };
		BE77F1F719D3A482002E8A90 /* emailIcon.png */ = {isa = PBXFileReference; lastKnownFileType = image.png; path = emailIcon.png; sourceTree = "<group>"; };
		BE78AB6A19C75F7000BD9E0D /* decrementTwo.wav */ = {isa = PBXFileReference; lastKnownFileType = audio.wav; path = decrementTwo.wav; sourceTree = "<group>"; };
		BE855D911A141B0800845DCC /* Language.h */ = {isa = PBXFileReference; fileEncoding = 4; lastKnownFileType = sourcecode.c.h; path = Language.h; sourceTree = "<group>"; };
		BE855D921A141B0800845DCC /* Language.m */ = {isa = PBXFileReference; fileEncoding = 4; lastKnownFileType = sourcecode.c.objc; path = Language.m; sourceTree = "<group>"; };
		BE855D941A15114500845DCC /* MailTabIcon_3x.png */ = {isa = PBXFileReference; lastKnownFileType = image.png; path = MailTabIcon_3x.png; sourceTree = "<group>"; };
		BE9B58AC1A119095006D1C01 /* SelectLanguageTableTableViewController.h */ = {isa = PBXFileReference; fileEncoding = 4; lastKnownFileType = sourcecode.c.h; path = SelectLanguageTableTableViewController.h; sourceTree = "<group>"; };
		BE9B58AD1A119095006D1C01 /* SelectLanguageTableTableViewController.m */ = {isa = PBXFileReference; fileEncoding = 4; lastKnownFileType = sourcecode.c.objc; path = SelectLanguageTableTableViewController.m; sourceTree = "<group>"; };
		BEAB0E7319C359BB00AA7623 /* cell.png */ = {isa = PBXFileReference; lastKnownFileType = image.png; path = cell.png; sourceTree = "<group>"; };
		BEAB0E7919C360FC00AA7623 /* iconDraft.png */ = {isa = PBXFileReference; lastKnownFileType = image.png; path = iconDraft.png; sourceTree = "<group>"; };
		BEAB0E7B19C3619600AA7623 /* icon_58.png */ = {isa = PBXFileReference; lastKnownFileType = image.png; path = icon_58.png; sourceTree = "<group>"; };
		BEAB0E7C19C3619600AA7623 /* icon_80.png */ = {isa = PBXFileReference; lastKnownFileType = image.png; path = icon_80.png; sourceTree = "<group>"; };
		BEAB0E7D19C3619600AA7623 /* icon_120.png */ = {isa = PBXFileReference; lastKnownFileType = image.png; path = icon_120.png; sourceTree = "<group>"; };
		BEAB0E8319C37B0400AA7623 /* unhappyCell.png */ = {isa = PBXFileReference; lastKnownFileType = image.png; path = unhappyCell.png; sourceTree = "<group>"; };
		BEAB0E8519C37DDF00AA7623 /* rectangle.png */ = {isa = PBXFileReference; lastKnownFileType = image.png; path = rectangle.png; sourceTree = "<group>"; };
		BEDC13B619CBA0E0009AC3C2 /* HudView.h */ = {isa = PBXFileReference; fileEncoding = 4; lastKnownFileType = sourcecode.c.h; path = HudView.h; sourceTree = "<group>"; };
		BEDC13B719CBA0E0009AC3C2 /* HudView.m */ = {isa = PBXFileReference; fileEncoding = 4; lastKnownFileType = sourcecode.c.objc; path = HudView.m; sourceTree = "<group>"; };
		BEDC13B919CC807C009AC3C2 /* microscope-50.png */ = {isa = PBXFileReference; lastKnownFileType = image.png; path = "microscope-50.png"; sourceTree = "<group>"; };
		BEDC13BB19CC8318009AC3C2 /* microscope-50-white.png */ = {isa = PBXFileReference; lastKnownFileType = image.png; path = "microscope-50-white.png"; sourceTree = "<group>"; };
		BEDC13BF19CC837A009AC3C2 /* microscope-75.png */ = {isa = PBXFileReference; lastKnownFileType = image.png; path = "microscope-75.png"; sourceTree = "<group>"; };
		BEDC13C119CC83DF009AC3C2 /* microscope-75-white.png */ = {isa = PBXFileReference; lastKnownFileType = image.png; path = "microscope-75-white.png"; sourceTree = "<group>"; };
		BEDC13C319CC8454009AC3C2 /* microscope-75-grey.png */ = {isa = PBXFileReference; lastKnownFileType = image.png; path = "microscope-75-grey.png"; sourceTree = "<group>"; };
		BEDC13C519CC8D29009AC3C2 /* CoreData.framework */ = {isa = PBXFileReference; lastKnownFileType = wrapper.framework; name = CoreData.framework; path = System/Library/Frameworks/CoreData.framework; sourceTree = SDKROOT; };
		BEDC13FD19CC903D009AC3C2 /* DataModel.xcdatamodel */ = {isa = PBXFileReference; lastKnownFileType = wrapper.xcdatamodel; path = DataModel.xcdatamodel; sourceTree = "<group>"; };
		BEDC13FF19CC9531009AC3C2 /* Report.h */ = {isa = PBXFileReference; fileEncoding = 4; lastKnownFileType = sourcecode.c.h; name = Report.h; path = ../Report.h; sourceTree = "<group>"; };
		BEDC140019CC9531009AC3C2 /* Report.m */ = {isa = PBXFileReference; fileEncoding = 4; lastKnownFileType = sourcecode.c.objc; name = Report.m; path = ../Report.m; sourceTree = "<group>"; };
		BEDC140219CCBAAC009AC3C2 /* ReportViewController.h */ = {isa = PBXFileReference; fileEncoding = 4; lastKnownFileType = sourcecode.c.h; path = ReportViewController.h; sourceTree = "<group>"; };
		BEDC140319CCBAAC009AC3C2 /* ReportViewController.m */ = {isa = PBXFileReference; fileEncoding = 4; lastKnownFileType = sourcecode.c.objc; path = ReportViewController.m; sourceTree = "<group>"; };
		BEE387831A0BF059005048FF /* tap-crisp.aif */ = {isa = PBXFileReference; lastKnownFileType = file; path = "tap-crisp.aif"; sourceTree = "<group>"; };
		BEE387841A0BF4AB005048FF /* crisp.caf */ = {isa = PBXFileReference; lastKnownFileType = file; path = crisp.caf; sourceTree = "<group>"; };
		BEFE4D8219C2A64D009CBB29 /* heartCell.jpg */ = {isa = PBXFileReference; lastKnownFileType = image.jpeg; path = heartCell.jpg; sourceTree = "<group>"; };
/* End PBXFileReference section */

/* Begin PBXFrameworksBuildPhase section */
		BE70F18B19C0B5F70053E36A /* Frameworks */ = {
			isa = PBXFrameworksBuildPhase;
			buildActionMask = 2147483647;
			files = (
				BE38973219D38C7D00E1D84E /* MessageUI.framework in Frameworks */,
				BEDC13C619CC8D29009AC3C2 /* CoreData.framework in Frameworks */,
				BE22DCDB19C0C00400EE6264 /* AudioToolbox.framework in Frameworks */,
				BE70F19419C0B5F70053E36A /* CoreGraphics.framework in Frameworks */,
				BE70F19619C0B5F70053E36A /* UIKit.framework in Frameworks */,
				BE70F19219C0B5F70053E36A /* Foundation.framework in Frameworks */,
			);
			runOnlyForDeploymentPostprocessing = 0;
		};
		BE70F1AC19C0B5F70053E36A /* Frameworks */ = {
			isa = PBXFrameworksBuildPhase;
			buildActionMask = 2147483647;
			files = (
				BE70F1B119C0B5F70053E36A /* XCTest.framework in Frameworks */,
				BE70F1B319C0B5F70053E36A /* UIKit.framework in Frameworks */,
				BE70F1B219C0B5F70053E36A /* Foundation.framework in Frameworks */,
			);
			runOnlyForDeploymentPostprocessing = 0;
		};
/* End PBXFrameworksBuildPhase section */

/* Begin PBXGroup section */
		BE70F18519C0B5F70053E36A = {
			isa = PBXGroup;
			children = (
				BE1D963619FAF75F0060E7EA /* Default-568h@2x.png */,
				BE70F19719C0B5F70053E36A /* TapCount */,
				BE70F1B619C0B5F70053E36A /* TapCountTests */,
				BE70F19019C0B5F70053E36A /* Frameworks */,
				BE70F18F19C0B5F70053E36A /* Products */,
			);
			sourceTree = "<group>";
		};
		BE70F18F19C0B5F70053E36A /* Products */ = {
			isa = PBXGroup;
			children = (
				BE70F18E19C0B5F70053E36A /* TapCount.app */,
				BE70F1AF19C0B5F70053E36A /* TapCountTests.xctest */,
			);
			name = Products;
			sourceTree = "<group>";
		};
		BE70F19019C0B5F70053E36A /* Frameworks */ = {
			isa = PBXGroup;
			children = (
				BE38973119D38C7D00E1D84E /* MessageUI.framework */,
				BEDC13C519CC8D29009AC3C2 /* CoreData.framework */,
				BE22DCDA19C0C00400EE6264 /* AudioToolbox.framework */,
				BE70F19119C0B5F70053E36A /* Foundation.framework */,
				BE70F19319C0B5F70053E36A /* CoreGraphics.framework */,
				BE70F19519C0B5F70053E36A /* UIKit.framework */,
				BE70F1B019C0B5F70053E36A /* XCTest.framework */,
			);
			name = Frameworks;
			sourceTree = "<group>";
		};
		BE70F19719C0B5F70053E36A /* TapCount */ = {
			isa = PBXGroup;
			children = (
				BEDC13FF19CC9531009AC3C2 /* Report.h */,
				BEDC140019CC9531009AC3C2 /* Report.m */,
				BE02705C19F81F4000C37793 /* Main.storyboard */,
				BE9B58AC1A119095006D1C01 /* SelectLanguageTableTableViewController.h */,
				BE9B58AD1A119095006D1C01 /* SelectLanguageTableTableViewController.m */,
				BEDC13FC19CC903D009AC3C2 /* DataModel.xcdatamodeld */,
				BE70F1A019C0B5F70053E36A /* AppDelegate.h */,
				BE70F1A119C0B5F70053E36A /* AppDelegate.m */,
				BEDC140219CCBAAC009AC3C2 /* ReportViewController.h */,
				BEDC140319CCBAAC009AC3C2 /* ReportViewController.m */,
				BEDC13B619CBA0E0009AC3C2 /* HudView.h */,
				BEDC13B719CBA0E0009AC3C2 /* HudView.m */,
				BE08A56C19C4A1FB00162606 /* ReportDetailViewController.h */,
				BE08A56D19C4A1FB00162606 /* ReportDetailViewController.m */,
				BE70F1A619C0B5F70053E36A /* ViewController.h */,
				BE70F1A719C0B5F70053E36A /* ViewController.m */,
				BE2E2C231A01AD4100E7F6FC /* SettingsViewController.h */,
				BE2E2C241A01AD4100E7F6FC /* SettingsViewController.m */,
				BE855D911A141B0800845DCC /* Language.h */,
				BE855D921A141B0800845DCC /* Language.m */,
				BE2E2C201A01902300E7F6FC /* Settings.h */,
				BE2E2C211A01902300E7F6FC /* Settings.m */,
				BE70F1A919C0B5F70053E36A /* Images.xcassets */,
				BE70F19819C0B5F70053E36A /* Supporting Files */,
			);
			path = TapCount;
			sourceTree = "<group>";
		};
		BE70F19819C0B5F70053E36A /* Supporting Files */ = {
			isa = PBXGroup;
			children = (
				BE4FBE911A1FDB120032D0B2 /* professional.caf */,
				BE4FBE8F1A1FDB040032D0B2 /* network.caf */,
				BE4FBE8D1A1FD1B60032D0B2 /* scissors.caf */,
				BEE387841A0BF4AB005048FF /* crisp.caf */,
				BE855D941A15114500845DCC /* MailTabIcon_3x.png */,
				BE2E2C1E1A018E9500E7F6FC /* reportIcon.png */,
				BE1D963419FABE160060E7EA /* addButton.png */,
				BE1D963219F9688C0060E7EA /* smallRectangle.png */,
				BEDC13C319CC8454009AC3C2 /* microscope-75-grey.png */,
				BEDC13C119CC83DF009AC3C2 /* microscope-75-white.png */,
				BEDC13BF19CC837A009AC3C2 /* microscope-75.png */,
				BEE387831A0BF059005048FF /* tap-crisp.aif */,
				BE77F1F719D3A482002E8A90 /* emailIcon.png */,
				BEDC13BB19CC8318009AC3C2 /* microscope-50-white.png */,
				BEDC13B919CC807C009AC3C2 /* microscope-50.png */,
				BE1B5CD619CA18F40053A5D3 /* longRectangle.png */,
				BE1B5CD419CA17480053A5D3 /* roundedRectangle.png */,
				BE1B5CCE19CA12470053A5D3 /* clearButton.png */,
				BE1B5CCC19CA0FF00053A5D3 /* bigRectangle.png */,
				BE1B5CCA19CA0E2C0053A5D3 /* cellsBackground.png */,
				BE78AB6A19C75F7000BD9E0D /* decrementTwo.wav */,
				BEAB0E8519C37DDF00AA7623 /* rectangle.png */,
				BE1B5CC819CA0B9D0053A5D3 /* saveButton.png */,
				BEAB0E8319C37B0400AA7623 /* unhappyCell.png */,
				BEAB0E7B19C3619600AA7623 /* icon_58.png */,
				BEAB0E7C19C3619600AA7623 /* icon_80.png */,
				BEAB0E7D19C3619600AA7623 /* icon_120.png */,
				BEAB0E7919C360FC00AA7623 /* iconDraft.png */,
				BEAB0E7319C359BB00AA7623 /* cell.png */,
				BE50F5AA19C2BD44003AF7C9 /* Sound.caf */,
				BE1B5CC619CA02A00053A5D3 /* minusCircle.png */,
				BE526DA019C2B19A0054564F /* pathGuy.png */,
				BEFE4D8219C2A64D009CBB29 /* heartCell.jpg */,
				BE70F19919C0B5F70053E36A /* TapCount-Info.plist */,
				BE70F19A19C0B5F70053E36A /* InfoPlist.strings */,
				BE70F19D19C0B5F70053E36A /* main.m */,
				BE70F19F19C0B5F70053E36A /* TapCount-Prefix.pch */,
			);
			name = "Supporting Files";
			sourceTree = "<group>";
		};
		BE70F1B619C0B5F70053E36A /* TapCountTests */ = {
			isa = PBXGroup;
			children = (
				BE70F1BC19C0B5F70053E36A /* TapCountTests.m */,
				BE70F1B719C0B5F70053E36A /* Supporting Files */,
			);
			path = TapCountTests;
			sourceTree = "<group>";
		};
		BE70F1B719C0B5F70053E36A /* Supporting Files */ = {
			isa = PBXGroup;
			children = (
				BE70F1B819C0B5F70053E36A /* TapCountTests-Info.plist */,
				BE70F1B919C0B5F70053E36A /* InfoPlist.strings */,
			);
			name = "Supporting Files";
			sourceTree = "<group>";
		};
/* End PBXGroup section */

/* Begin PBXNativeTarget section */
		BE70F18D19C0B5F70053E36A /* TapCount */ = {
			isa = PBXNativeTarget;
			buildConfigurationList = BE70F1C019C0B5F70053E36A /* Build configuration list for PBXNativeTarget "TapCount" */;
			buildPhases = (
				BE70F18A19C0B5F70053E36A /* Sources */,
				BE70F18B19C0B5F70053E36A /* Frameworks */,
				BE70F18C19C0B5F70053E36A /* Resources */,
			);
			buildRules = (
			);
			dependencies = (
			);
			name = TapCount;
			productName = TapCount;
			productReference = BE70F18E19C0B5F70053E36A /* TapCount.app */;
			productType = "com.apple.product-type.application";
		};
		BE70F1AE19C0B5F70053E36A /* TapCountTests */ = {
			isa = PBXNativeTarget;
			buildConfigurationList = BE70F1C319C0B5F70053E36A /* Build configuration list for PBXNativeTarget "TapCountTests" */;
			buildPhases = (
				BE70F1AB19C0B5F70053E36A /* Sources */,
				BE70F1AC19C0B5F70053E36A /* Frameworks */,
				BE70F1AD19C0B5F70053E36A /* Resources */,
			);
			buildRules = (
			);
			dependencies = (
				BE70F1B519C0B5F70053E36A /* PBXTargetDependency */,
			);
			name = TapCountTests;
			productName = TapCountTests;
			productReference = BE70F1AF19C0B5F70053E36A /* TapCountTests.xctest */;
			productType = "com.apple.product-type.bundle.unit-test";
		};
/* End PBXNativeTarget section */

/* Begin PBXProject section */
		BE70F18619C0B5F70053E36A /* Project object */ = {
			isa = PBXProject;
			attributes = {
				LastUpgradeCheck = 0510;
				ORGANIZATIONNAME = "Grier Mobile Development";
				TargetAttributes = {
					BE70F18D19C0B5F70053E36A = {
						DevelopmentTeam = L2866N5XVV;
					};
					BE70F1AE19C0B5F70053E36A = {
						TestTargetID = BE70F18D19C0B5F70053E36A;
					};
				};
			};
			buildConfigurationList = BE70F18919C0B5F70053E36A /* Build configuration list for PBXProject "TapCount" */;
			compatibilityVersion = "Xcode 3.2";
			developmentRegion = English;
			hasScannedForEncodings = 0;
			knownRegions = (
				en,
				Base,
			);
			mainGroup = BE70F18519C0B5F70053E36A;
			productRefGroup = BE70F18F19C0B5F70053E36A /* Products */;
			projectDirPath = "";
			projectRoot = "";
			targets = (
				BE70F18D19C0B5F70053E36A /* TapCount */,
				BE70F1AE19C0B5F70053E36A /* TapCountTests */,
			);
		};
/* End PBXProject section */

/* Begin PBXResourcesBuildPhase section */
		BE70F18C19C0B5F70053E36A /* Resources */ = {
			isa = PBXResourcesBuildPhase;
			buildActionMask = 2147483647;
			files = (
				BE4FBE8E1A1FD4330032D0B2 /* scissors.caf in Resources */,
				BE1D963519FABE160060E7EA /* addButton.png in Resources */,
				BEDC13C219CC83DF009AC3C2 /* microscope-75-white.png in Resources */,
				BE855D951A15114500845DCC /* MailTabIcon_3x.png in Resources */,
				BEE387851A0BF4AB005048FF /* crisp.caf in Resources */,
				BE78AB6B19C75F7000BD9E0D /* decrementTwo.wav in Resources */,
				BEFE4D8319C2A64D009CBB29 /* heartCell.jpg in Resources */,
				BEDC13BA19CC807C009AC3C2 /* microscope-50.png in Resources */,
				BE70F1AA19C0B5F70053E36A /* Images.xcassets in Resources */,
				BE1B5CD719CA18F40053A5D3 /* longRectangle.png in Resources */,
				BE02705D19F81F4000C37793 /* Main.storyboard in Resources */,
				BE1D963319F9688C0060E7EA /* smallRectangle.png in Resources */,
				BEDC13BC19CC8318009AC3C2 /* microscope-50-white.png in Resources */,
				BE1B5CC719CA02A00053A5D3 /* minusCircle.png in Resources */,
				BEE387861A0BF4B9005048FF /* tap-crisp.aif in Resources */,
				BE4FBE921A1FDB120032D0B2 /* professional.caf in Resources */,
				BE1B5CCF19CA12470053A5D3 /* clearButton.png in Resources */,
				BE70F19C19C0B5F70053E36A /* InfoPlist.strings in Resources */,
				BE77F1F819D3A482002E8A90 /* emailIcon.png in Resources */,
				BEAB0E7419C359BB00AA7623 /* cell.png in Resources */,
				BE1B5CCB19CA0E2C0053A5D3 /* cellsBackground.png in Resources */,
				BEAB0E8619C37DDF00AA7623 /* rectangle.png in Resources */,
				BE526DA119C2B19A0054564F /* pathGuy.png in Resources */,
				BE1B5CCD19CA0FF00053A5D3 /* bigRectangle.png in Resources */,
				BEDC13C419CC8454009AC3C2 /* microscope-75-grey.png in Resources */,
				BEAB0E7E19C3619600AA7623 /* icon_58.png in Resources */,
				BEAB0E8419C37B0400AA7623 /* unhappyCell.png in Resources */,
				BEDC13C019CC837A009AC3C2 /* microscope-75.png in Resources */,
				BE1D963719FAF75F0060E7EA /* Default-568h@2x.png in Resources */,
				BEAB0E7A19C360FC00AA7623 /* iconDraft.png in Resources */,
				BE4FBE901A1FDB040032D0B2 /* network.caf in Resources */,
				BE2E2C1F1A018E9500E7F6FC /* reportIcon.png in Resources */,
				BE1B5CC919CA0B9D0053A5D3 /* saveButton.png in Resources */,
				BEAB0E8019C3619600AA7623 /* icon_120.png in Resources */,
				BE1B5CD519CA17480053A5D3 /* roundedRectangle.png in Resources */,
				BEAB0E7F19C3619600AA7623 /* icon_80.png in Resources */,
				BE50F5AB19C2BD44003AF7C9 /* Sound.caf in Resources */,
			);
			runOnlyForDeploymentPostprocessing = 0;
		};
		BE70F1AD19C0B5F70053E36A /* Resources */ = {
			isa = PBXResourcesBuildPhase;
			buildActionMask = 2147483647;
			files = (
				BE70F1BB19C0B5F70053E36A /* InfoPlist.strings in Resources */,
			);
			runOnlyForDeploymentPostprocessing = 0;
		};
/* End PBXResourcesBuildPhase section */

/* Begin PBXSourcesBuildPhase section */
		BE70F18A19C0B5F70053E36A /* Sources */ = {
			isa = PBXSourcesBuildPhase;
			buildActionMask = 2147483647;
			files = (
				BE2E2C221A01902300E7F6FC /* Settings.m in Sources */,
				BE70F1A819C0B5F70053E36A /* ViewController.m in Sources */,
				BE9B58AE1A119095006D1C01 /* SelectLanguageTableTableViewController.m in Sources */,
				BEDC140119CC9532009AC3C2 /* Report.m in Sources */,
				BE08A56E19C4A1FB00162606 /* ReportDetailViewController.m in Sources */,
				BE70F1A219C0B5F70053E36A /* AppDelegate.m in Sources */,
				BEDC140419CCBAAC009AC3C2 /* ReportViewController.m in Sources */,
				BEDC13FE19CC903D009AC3C2 /* DataModel.xcdatamodeld in Sources */,
				BE2E2C251A01AD4100E7F6FC /* SettingsViewController.m in Sources */,
				BE855D931A141B0800845DCC /* Language.m in Sources */,
				BE70F19E19C0B5F70053E36A /* main.m in Sources */,
				BEDC13B819CBA0E0009AC3C2 /* HudView.m in Sources */,
			);
			runOnlyForDeploymentPostprocessing = 0;
		};
		BE70F1AB19C0B5F70053E36A /* Sources */ = {
			isa = PBXSourcesBuildPhase;
			buildActionMask = 2147483647;
			files = (
				BE70F1BD19C0B5F70053E36A /* TapCountTests.m in Sources */,
			);
			runOnlyForDeploymentPostprocessing = 0;
		};
/* End PBXSourcesBuildPhase section */

/* Begin PBXTargetDependency section */
		BE70F1B519C0B5F70053E36A /* PBXTargetDependency */ = {
			isa = PBXTargetDependency;
			target = BE70F18D19C0B5F70053E36A /* TapCount */;
			targetProxy = BE70F1B419C0B5F70053E36A /* PBXContainerItemProxy */;
		};
/* End PBXTargetDependency section */

/* Begin PBXVariantGroup section */
		BE70F19A19C0B5F70053E36A /* InfoPlist.strings */ = {
			isa = PBXVariantGroup;
			children = (
				BE70F19B19C0B5F70053E36A /* en */,
			);
			name = InfoPlist.strings;
			sourceTree = "<group>";
		};
		BE70F1B919C0B5F70053E36A /* InfoPlist.strings */ = {
			isa = PBXVariantGroup;
			children = (
				BE70F1BA19C0B5F70053E36A /* en */,
			);
			name = InfoPlist.strings;
			sourceTree = "<group>";
		};
/* End PBXVariantGroup section */

/* Begin XCBuildConfiguration section */
		BE70F1BE19C0B5F70053E36A /* Debug */ = {
			isa = XCBuildConfiguration;
			buildSettings = {
				ALWAYS_SEARCH_USER_PATHS = NO;
				CLANG_CXX_LANGUAGE_STANDARD = "gnu++0x";
				CLANG_CXX_LIBRARY = "libc++";
				CLANG_ENABLE_MODULES = YES;
				CLANG_ENABLE_OBJC_ARC = YES;
				CLANG_WARN_BOOL_CONVERSION = YES;
				CLANG_WARN_CONSTANT_CONVERSION = YES;
				CLANG_WARN_DIRECT_OBJC_ISA_USAGE = YES_ERROR;
				CLANG_WARN_EMPTY_BODY = YES;
				CLANG_WARN_ENUM_CONVERSION = YES;
				CLANG_WARN_INT_CONVERSION = YES;
				CLANG_WARN_OBJC_ROOT_CLASS = YES_ERROR;
				CLANG_WARN__DUPLICATE_METHOD_MATCH = YES;
				"CODE_SIGN_IDENTITY[sdk=iphoneos*]" = "iPhone Developer";
				COPY_PHASE_STRIP = NO;
				GCC_C_LANGUAGE_STANDARD = gnu99;
				GCC_DYNAMIC_NO_PIC = NO;
				GCC_OPTIMIZATION_LEVEL = 0;
				GCC_PREPROCESSOR_DEFINITIONS = (
					"DEBUG=1",
					"$(inherited)",
				);
				GCC_SYMBOLS_PRIVATE_EXTERN = NO;
				GCC_WARN_64_TO_32_BIT_CONVERSION = YES;
				GCC_WARN_ABOUT_RETURN_TYPE = YES_ERROR;
				GCC_WARN_UNDECLARED_SELECTOR = YES;
				GCC_WARN_UNINITIALIZED_AUTOS = YES_AGGRESSIVE;
				GCC_WARN_UNUSED_FUNCTION = YES;
				GCC_WARN_UNUSED_VARIABLE = YES;
				IPHONEOS_DEPLOYMENT_TARGET = 7.1;
				ONLY_ACTIVE_ARCH = YES;
				SDKROOT = iphoneos;
			};
			name = Debug;
		};
		BE70F1BF19C0B5F70053E36A /* Release */ = {
			isa = XCBuildConfiguration;
			buildSettings = {
				ALWAYS_SEARCH_USER_PATHS = NO;
				CLANG_CXX_LANGUAGE_STANDARD = "gnu++0x";
				CLANG_CXX_LIBRARY = "libc++";
				CLANG_ENABLE_MODULES = YES;
				CLANG_ENABLE_OBJC_ARC = YES;
				CLANG_WARN_BOOL_CONVERSION = YES;
				CLANG_WARN_CONSTANT_CONVERSION = YES;
				CLANG_WARN_DIRECT_OBJC_ISA_USAGE = YES_ERROR;
				CLANG_WARN_EMPTY_BODY = YES;
				CLANG_WARN_ENUM_CONVERSION = YES;
				CLANG_WARN_INT_CONVERSION = YES;
				CLANG_WARN_OBJC_ROOT_CLASS = YES_ERROR;
				CLANG_WARN__DUPLICATE_METHOD_MATCH = YES;
				"CODE_SIGN_IDENTITY[sdk=iphoneos*]" = "iPhone Developer";
				COPY_PHASE_STRIP = YES;
				ENABLE_NS_ASSERTIONS = NO;
				GCC_C_LANGUAGE_STANDARD = gnu99;
				GCC_WARN_64_TO_32_BIT_CONVERSION = YES;
				GCC_WARN_ABOUT_RETURN_TYPE = YES_ERROR;
				GCC_WARN_UNDECLARED_SELECTOR = YES;
				GCC_WARN_UNINITIALIZED_AUTOS = YES_AGGRESSIVE;
				GCC_WARN_UNUSED_FUNCTION = YES;
				GCC_WARN_UNUSED_VARIABLE = YES;
				IPHONEOS_DEPLOYMENT_TARGET = 7.1;
				SDKROOT = iphoneos;
				VALIDATE_PRODUCT = YES;
			};
			name = Release;
		};
		BE70F1C119C0B5F70053E36A /* Debug */ = {
			isa = XCBuildConfiguration;
			buildSettings = {
				ASSETCATALOG_COMPILER_APPICON_NAME = AppIcon;
				CODE_SIGN_IDENTITY = "iPhone Developer";
				"CODE_SIGN_IDENTITY[sdk=iphoneos*]" = "iPhone Developer";
				GCC_PRECOMPILE_PREFIX_HEADER = YES;
				GCC_PREFIX_HEADER = "TapCount/TapCount-Prefix.pch";
				INFOPLIST_FILE = "TapCount/TapCount-Info.plist";
				PRODUCT_NAME = "$(TARGET_NAME)";
				PROVISIONING_PROFILE = "";
				TARGETED_DEVICE_FAMILY = "1,2";
				WRAPPER_EXTENSION = app;
			};
			name = Debug;
		};
		BE70F1C219C0B5F70053E36A /* Release */ = {
			isa = XCBuildConfiguration;
			buildSettings = {
				ASSETCATALOG_COMPILER_APPICON_NAME = AppIcon;
				CODE_SIGN_IDENTITY = "iPhone Developer";
				"CODE_SIGN_IDENTITY[sdk=iphoneos*]" = "iPhone Developer";
				GCC_PRECOMPILE_PREFIX_HEADER = YES;
				GCC_PREFIX_HEADER = "TapCount/TapCount-Prefix.pch";
				INFOPLIST_FILE = "TapCount/TapCount-Info.plist";
				PRODUCT_NAME = "$(TARGET_NAME)";
				PROVISIONING_PROFILE = "";
				TARGETED_DEVICE_FAMILY = "1,2";
				WRAPPER_EXTENSION = app;
			};
			name = Release;
		};
		BE70F1C419C0B5F70053E36A /* Debug */ = {
			isa = XCBuildConfiguration;
			buildSettings = {
				BUNDLE_LOADER = "$(BUILT_PRODUCTS_DIR)/TapCount.app/TapCount";
				FRAMEWORK_SEARCH_PATHS = (
					"$(SDKROOT)/Developer/Library/Frameworks",
					"$(inherited)",
					"$(DEVELOPER_FRAMEWORKS_DIR)",
				);
				GCC_PRECOMPILE_PREFIX_HEADER = YES;
				GCC_PREFIX_HEADER = "TapCount/TapCount-Prefix.pch";
				GCC_PREPROCESSOR_DEFINITIONS = (
					"DEBUG=1",
					"$(inherited)",
				);
				INFOPLIST_FILE = "TapCountTests/TapCountTests-Info.plist";
				PRODUCT_NAME = "$(TARGET_NAME)";
				TEST_HOST = "$(BUNDLE_LOADER)";
				WRAPPER_EXTENSION = xctest;
			};
			name = Debug;
		};
		BE70F1C519C0B5F70053E36A /* Release */ = {
			isa = XCBuildConfiguration;
			buildSettings = {
				BUNDLE_LOADER = "$(BUILT_PRODUCTS_DIR)/TapCount.app/TapCount";
				FRAMEWORK_SEARCH_PATHS = (
					"$(SDKROOT)/Developer/Library/Frameworks",
					"$(inherited)",
					"$(DEVELOPER_FRAMEWORKS_DIR)",
				);
				GCC_PRECOMPILE_PREFIX_HEADER = YES;
				GCC_PREFIX_HEADER = "TapCount/TapCount-Prefix.pch";
				INFOPLIST_FILE = "TapCountTests/TapCountTests-Info.plist";
				PRODUCT_NAME = "$(TARGET_NAME)";
				TEST_HOST = "$(BUNDLE_LOADER)";
				WRAPPER_EXTENSION = xctest;
			};
			name = Release;
		};
/* End XCBuildConfiguration section */

/* Begin XCConfigurationList section */
		BE70F18919C0B5F70053E36A /* Build configuration list for PBXProject "TapCount" */ = {
			isa = XCConfigurationList;
			buildConfigurations = (
				BE70F1BE19C0B5F70053E36A /* Debug */,
				BE70F1BF19C0B5F70053E36A /* Release */,
			);
			defaultConfigurationIsVisible = 0;
			defaultConfigurationName = Release;
		};
		BE70F1C019C0B5F70053E36A /* Build configuration list for PBXNativeTarget "TapCount" */ = {
			isa = XCConfigurationList;
			buildConfigurations = (
				BE70F1C119C0B5F70053E36A /* Debug */,
				BE70F1C219C0B5F70053E36A /* Release */,
			);
			defaultConfigurationIsVisible = 0;
			defaultConfigurationName = Release;
		};
		BE70F1C319C0B5F70053E36A /* Build configuration list for PBXNativeTarget "TapCountTests" */ = {
			isa = XCConfigurationList;
			buildConfigurations = (
				BE70F1C419C0B5F70053E36A /* Debug */,
				BE70F1C519C0B5F70053E36A /* Release */,
			);
			defaultConfigurationIsVisible = 0;
			defaultConfigurationName = Release;
		};
/* End XCConfigurationList section */

/* Begin XCVersionGroup section */
		BEDC13FC19CC903D009AC3C2 /* DataModel.xcdatamodeld */ = {
			isa = XCVersionGroup;
			children = (
				BEDC13FD19CC903D009AC3C2 /* DataModel.xcdatamodel */,
			);
			currentVersion = BEDC13FD19CC903D009AC3C2 /* DataModel.xcdatamodel */;
			name = DataModel.xcdatamodeld;
			path = ../DataModel.xcdatamodeld;
			sourceTree = "<group>";
			versionGroupType = wrapper.xcdatamodel;
		};
/* End XCVersionGroup section */
	};
	rootObject = BE70F18619C0B5F70053E36A /* Project object */;
}
